
Microsoft Visual Studio Solution File, Format Version 12.00
# Visual Studio 15
VisualStudioVersion = 15.0.27428.2043
MinimumVisualStudioVersion = 10.0.40219.1
Project("{FAE04EC0-301F-11D3-BF4B-00C04F79EFBC}") = "QLKTX", "QLKTX\QLKTX.csproj", "{B75C5282-3FD7-49E8-9C13-4C975163EB0B}"
EndProject
Global
	GlobalSection(SolutionConfigurationPlatforms) = preSolution
		Debug|Any CPU = Debug|Any CPU
		Release|Any CPU = Release|Any CPU
	EndGlobalSection
	GlobalSection(ProjectConfigurationPlatforms) = postSolution
		{B75C5282-3FD7-49E8-9C13-4C975163EB0B}.Debug|Any CPU.ActiveCfg = Debug|Any CPU
		{B75C5282-3FD7-49E8-9C13-4C975163EB0B}.Debug|Any CPU.Build.0 = Debug|Any CPU
		{B75C5282-3FD7-49E8-9C13-4C975163EB0B}.Release|Any CPU.ActiveCfg = Release|Any CPU
		{B75C5282-3FD7-49E8-9C13-4C975163EB0B}.Release|Any CPU.Build.0 = Release|Any CPU
	EndGlobalSection
	GlobalSection(SolutionProperties) = preSolution
		HideSolutionNode = FALSE
	EndGlobalSection
	GlobalSection(ExtensibilityGlobals) = postSolution
		SolutionGuid = {C6D64722-37E5-4AF0-AA11-FE8C945B4ADC}
	EndGlobalSection
EndGlobal
